// !$*UTF8*$!
{
	archiveVersion = 1;
	classes = {
	};
	objectVersion = 50;
	objects = {

/* Begin PBXBuildFile section */
		3C90B5E72538F5FC00BB87A3 /* AppDelegate.swift in Sources */ = {isa = PBXBuildFile; fileRef = 3C90B5E62538F5FC00BB87A3 /* AppDelegate.swift */; };
		3C90B5E92538F5FC00BB87A3 /* SceneDelegate.swift in Sources */ = {isa = PBXBuildFile; fileRef = 3C90B5E82538F5FC00BB87A3 /* SceneDelegate.swift */; };
		3C90B5EB2538F5FC00BB87A3 /* ViewController.swift in Sources */ = {isa = PBXBuildFile; fileRef = 3C90B5EA2538F5FC00BB87A3 /* ViewController.swift */; };
		3C90B5EE2538F5FC00BB87A3 /* Main.storyboard in Resources */ = {isa = PBXBuildFile; fileRef = 3C90B5EC2538F5FC00BB87A3 /* Main.storyboard */; };
		3C90B5F02538F5FE00BB87A3 /* Assets.xcassets in Resources */ = {isa = PBXBuildFile; fileRef = 3C90B5EF2538F5FE00BB87A3 /* Assets.xcassets */; };
		3C90B5F32538F5FE00BB87A3 /* LaunchScreen.storyboard in Resources */ = {isa = PBXBuildFile; fileRef = 3C90B5F12538F5FE00BB87A3 /* LaunchScreen.storyboard */; };
		3C90B5FE2538F5FE00BB87A3 /* MarvelCharactersTests.swift in Sources */ = {isa = PBXBuildFile; fileRef = 3C90B5FD2538F5FE00BB87A3 /* MarvelCharactersTests.swift */; };
		3C90B6092538F5FE00BB87A3 /* MarvelCharactersUITests.swift in Sources */ = {isa = PBXBuildFile; fileRef = 3C90B6082538F5FE00BB87A3 /* MarvelCharactersUITests.swift */; };
/* End PBXBuildFile section */

/* Begin PBXContainerItemProxy section */
		3C90B5FA2538F5FE00BB87A3 /* PBXContainerItemProxy */ = {
			isa = PBXContainerItemProxy;
			containerPortal = 3C90B5DB2538F5FC00BB87A3 /* Project object */;
			proxyType = 1;
			remoteGlobalIDString = 3C90B5E22538F5FC00BB87A3;
			remoteInfo = MarvelCharacters;
		};
		3C90B6052538F5FE00BB87A3 /* PBXContainerItemProxy */ = {
			isa = PBXContainerItemProxy;
			containerPortal = 3C90B5DB2538F5FC00BB87A3 /* Project object */;
			proxyType = 1;
			remoteGlobalIDString = 3C90B5E22538F5FC00BB87A3;
			remoteInfo = MarvelCharacters;
		};
/* End PBXContainerItemProxy section */

/* Begin PBXFileReference section */
		3C90B5E32538F5FC00BB87A3 /* MarvelCharacters.app */ = {isa = PBXFileReference; explicitFileType = wrapper.application; includeInIndex = 0; path = MarvelCharacters.app; sourceTree = BUILT_PRODUCTS_DIR; };
		3C90B5E62538F5FC00BB87A3 /* AppDelegate.swift */ = {isa = PBXFileReference; lastKnownFileType = sourcecode.swift; path = AppDelegate.swift; sourceTree = "<group>"; };
		3C90B5E82538F5FC00BB87A3 /* SceneDelegate.swift */ = {isa = PBXFileReference; lastKnownFileType = sourcecode.swift; path = SceneDelegate.swift; sourceTree = "<group>"; };
		3C90B5EA2538F5FC00BB87A3 /* ViewController.swift */ = {isa = PBXFileReference; lastKnownFileType = sourcecode.swift; path = ViewController.swift; sourceTree = "<group>"; };
		3C90B5ED2538F5FC00BB87A3 /* Base */ = {isa = PBXFileReference; lastKnownFileType = file.storyboard; name = Base; path = Base.lproj/Main.storyboard; sourceTree = "<group>"; };
		3C90B5EF2538F5FE00BB87A3 /* Assets.xcassets */ = {isa = PBXFileReference; lastKnownFileType = folder.assetcatalog; path = Assets.xcassets; sourceTree = "<group>"; };
		3C90B5F22538F5FE00BB87A3 /* Base */ = {isa = PBXFileReference; lastKnownFileType = file.storyboard; name = Base; path = Base.lproj/LaunchScreen.storyboard; sourceTree = "<group>"; };
		3C90B5F42538F5FE00BB87A3 /* Info.plist */ = {isa = PBXFileReference; lastKnownFileType = text.plist.xml; path = Info.plist; sourceTree = "<group>"; };
		3C90B5F92538F5FE00BB87A3 /* MarvelCharactersTests.xctest */ = {isa = PBXFileReference; explicitFileType = wrapper.cfbundle; includeInIndex = 0; path = MarvelCharactersTests.xctest; sourceTree = BUILT_PRODUCTS_DIR; };
		3C90B5FD2538F5FE00BB87A3 /* MarvelCharactersTests.swift */ = {isa = PBXFileReference; lastKnownFileType = sourcecode.swift; path = MarvelCharactersTests.swift; sourceTree = "<group>"; };
		3C90B5FF2538F5FE00BB87A3 /* Info.plist */ = {isa = PBXFileReference; lastKnownFileType = text.plist.xml; path = Info.plist; sourceTree = "<group>"; };
		3C90B6042538F5FE00BB87A3 /* MarvelCharactersUITests.xctest */ = {isa = PBXFileReference; explicitFileType = wrapper.cfbundle; includeInIndex = 0; path = MarvelCharactersUITests.xctest; sourceTree = BUILT_PRODUCTS_DIR; };
		3C90B6082538F5FE00BB87A3 /* MarvelCharactersUITests.swift */ = {isa = PBXFileReference; lastKnownFileType = sourcecode.swift; path = MarvelCharactersUITests.swift; sourceTree = "<group>"; };
		3C90B60A2538F5FE00BB87A3 /* Info.plist */ = {isa = PBXFileReference; lastKnownFileType = text.plist.xml; path = Info.plist; sourceTree = "<group>"; };
/* End PBXFileReference section */

/* Begin PBXFrameworksBuildPhase section */
		3C90B5E02538F5FC00BB87A3 /* Frameworks */ = {
			isa = PBXFrameworksBuildPhase;
			buildActionMask = 2147483647;
			files = (
			);
			runOnlyForDeploymentPostprocessing = 0;
		};
		3C90B5F62538F5FE00BB87A3 /* Frameworks */ = {
			isa = PBXFrameworksBuildPhase;
			buildActionMask = 2147483647;
			files = (
			);
			runOnlyForDeploymentPostprocessing = 0;
		};
		3C90B6012538F5FE00BB87A3 /* Frameworks */ = {
			isa = PBXFrameworksBuildPhase;
			buildActionMask = 2147483647;
			files = (
			);
			runOnlyForDeploymentPostprocessing = 0;
		};
/* End PBXFrameworksBuildPhase section */

/* Begin PBXGroup section */
		3C90B5DA2538F5FC00BB87A3 = {
			isa = PBXGroup;
			children = (
				3C90B5E52538F5FC00BB87A3 /* MarvelCharacters */,
				3C90B5FC2538F5FE00BB87A3 /* MarvelCharactersTests */,
				3C90B6072538F5FE00BB87A3 /* MarvelCharactersUITests */,
				3C90B5E42538F5FC00BB87A3 /* Products */,
			);
			sourceTree = "<group>";
		};
		3C90B5E42538F5FC00BB87A3 /* Products */ = {
			isa = PBXGroup;
			children = (
				3C90B5E32538F5FC00BB87A3 /* MarvelCharacters.app */,
				3C90B5F92538F5FE00BB87A3 /* MarvelCharactersTests.xctest */,
				3C90B6042538F5FE00BB87A3 /* MarvelCharactersUITests.xctest */,
			);
			name = Products;
			sourceTree = "<group>";
		};
		3C90B5E52538F5FC00BB87A3 /* MarvelCharacters */ = {
			isa = PBXGroup;
			children = (
				3C90B5E62538F5FC00BB87A3 /* AppDelegate.swift */,
				3C90B5E82538F5FC00BB87A3 /* SceneDelegate.swift */,
				3C90B5EA2538F5FC00BB87A3 /* ViewController.swift */,
				3C90B5EC2538F5FC00BB87A3 /* Main.storyboard */,
				3C90B5EF2538F5FE00BB87A3 /* Assets.xcassets */,
				3C90B5F12538F5FE00BB87A3 /* LaunchScreen.storyboard */,
				3C90B5F42538F5FE00BB87A3 /* Info.plist */,
			);
			path = MarvelCharacters;
			sourceTree = "<group>";
		};
		3C90B5FC2538F5FE00BB87A3 /* MarvelCharactersTests */ = {
			isa = PBXGroup;
			children = (
				3C90B5FD2538F5FE00BB87A3 /* MarvelCharactersTests.swift */,
				3C90B5FF2538F5FE00BB87A3 /* Info.plist */,
			);
			path = MarvelCharactersTests;
			sourceTree = "<group>";
		};
		3C90B6072538F5FE00BB87A3 /* MarvelCharactersUITests */ = {
			isa = PBXGroup;
			children = (
				3C90B6082538F5FE00BB87A3 /* MarvelCharactersUITests.swift */,
				3C90B60A2538F5FE00BB87A3 /* Info.plist */,
			);
			path = MarvelCharactersUITests;
			sourceTree = "<group>";
		};
/* End PBXGroup section */

/* Begin PBXNativeTarget section */
		3C90B5E22538F5FC00BB87A3 /* MarvelCharacters */ = {
			isa = PBXNativeTarget;
			buildConfigurationList = 3C90B60D2538F5FE00BB87A3 /* Build configuration list for PBXNativeTarget "MarvelCharacters" */;
			buildPhases = (
				3C90B5DF2538F5FC00BB87A3 /* Sources */,
				3C90B5E02538F5FC00BB87A3 /* Frameworks */,
				3C90B5E12538F5FC00BB87A3 /* Resources */,
			);
			buildRules = (
			);
			dependencies = (
			);
			name = MarvelCharacters;
			productName = MarvelCharacters;
			productReference = 3C90B5E32538F5FC00BB87A3 /* MarvelCharacters.app */;
			productType = "com.apple.product-type.application";
		};
		3C90B5F82538F5FE00BB87A3 /* MarvelCharactersTests */ = {
			isa = PBXNativeTarget;
			buildConfigurationList = 3C90B6102538F5FE00BB87A3 /* Build configuration list for PBXNativeTarget "MarvelCharactersTests" */;
			buildPhases = (
				3C90B5F52538F5FE00BB87A3 /* Sources */,
				3C90B5F62538F5FE00BB87A3 /* Frameworks */,
				3C90B5F72538F5FE00BB87A3 /* Resources */,
			);
			buildRules = (
			);
			dependencies = (
				3C90B5FB2538F5FE00BB87A3 /* PBXTargetDependency */,
			);
			name = MarvelCharactersTests;
			productName = MarvelCharactersTests;
			productReference = 3C90B5F92538F5FE00BB87A3 /* MarvelCharactersTests.xctest */;
			productType = "com.apple.product-type.bundle.unit-test";
		};
		3C90B6032538F5FE00BB87A3 /* MarvelCharactersUITests */ = {
			isa = PBXNativeTarget;
			buildConfigurationList = 3C90B6132538F5FE00BB87A3 /* Build configuration list for PBXNativeTarget "MarvelCharactersUITests" */;
			buildPhases = (
				3C90B6002538F5FE00BB87A3 /* Sources */,
				3C90B6012538F5FE00BB87A3 /* Frameworks */,
				3C90B6022538F5FE00BB87A3 /* Resources */,
			);
			buildRules = (
			);
			dependencies = (
				3C90B6062538F5FE00BB87A3 /* PBXTargetDependency */,
			);
			name = MarvelCharactersUITests;
			productName = MarvelCharactersUITests;
			productReference = 3C90B6042538F5FE00BB87A3 /* MarvelCharactersUITests.xctest */;
			productType = "com.apple.product-type.bundle.ui-testing";
		};
/* End PBXNativeTarget section */

/* Begin PBXProject section */
		3C90B5DB2538F5FC00BB87A3 /* Project object */ = {
			isa = PBXProject;
			attributes = {
				LastSwiftUpdateCheck = 1200;
				LastUpgradeCheck = 1200;
				TargetAttributes = {
					3C90B5E22538F5FC00BB87A3 = {
						CreatedOnToolsVersion = 12.0.1;
					};
					3C90B5F82538F5FE00BB87A3 = {
						CreatedOnToolsVersion = 12.0.1;
						TestTargetID = 3C90B5E22538F5FC00BB87A3;
					};
					3C90B6032538F5FE00BB87A3 = {
						CreatedOnToolsVersion = 12.0.1;
						TestTargetID = 3C90B5E22538F5FC00BB87A3;
					};
				};
			};
			buildConfigurationList = 3C90B5DE2538F5FC00BB87A3 /* Build configuration list for PBXProject "MarvelCharacters" */;
			compatibilityVersion = "Xcode 9.3";
			developmentRegion = en;
			hasScannedForEncodings = 0;
			knownRegions = (
				en,
				Base,
			);
			mainGroup = 3C90B5DA2538F5FC00BB87A3;
			productRefGroup = 3C90B5E42538F5FC00BB87A3 /* Products */;
			projectDirPath = "";
			projectRoot = "";
			targets = (
				3C90B5E22538F5FC00BB87A3 /* MarvelCharacters */,
				3C90B5F82538F5FE00BB87A3 /* MarvelCharactersTests */,
				3C90B6032538F5FE00BB87A3 /* MarvelCharactersUITests */,
			);
		};
/* End PBXProject section */

/* Begin PBXResourcesBuildPhase section */
		3C90B5E12538F5FC00BB87A3 /* Resources */ = {
			isa = PBXResourcesBuildPhase;
			buildActionMask = 2147483647;
			files = (
				3C90B5F32538F5FE00BB87A3 /* LaunchScreen.storyboard in Resources */,
				3C90B5F02538F5FE00BB87A3 /* Assets.xcassets in Resources */,
				3C90B5EE2538F5FC00BB87A3 /* Main.storyboard in Resources */,
			);
			runOnlyForDeploymentPostprocessing = 0;
		};
		3C90B5F72538F5FE00BB87A3 /* Resources */ = {
			isa = PBXResourcesBuildPhase;
			buildActionMask = 2147483647;
			files = (
			);
			runOnlyForDeploymentPostprocessing = 0;
		};
		3C90B6022538F5FE00BB87A3 /* Resources */ = {
			isa = PBXResourcesBuildPhase;
			buildActionMask = 2147483647;
			files = (
			);
			runOnlyForDeploymentPostprocessing = 0;
		};
/* End PBXResourcesBuildPhase section */

/* Begin PBXSourcesBuildPhase section */
		3C90B5DF2538F5FC00BB87A3 /* Sources */ = {
			isa = PBXSourcesBuildPhase;
			buildActionMask = 2147483647;
			files = (
				3C90B5EB2538F5FC00BB87A3 /* ViewController.swift in Sources */,
				3C90B5E72538F5FC00BB87A3 /* AppDelegate.swift in Sources */,
				3C90B5E92538F5FC00BB87A3 /* SceneDelegate.swift in Sources */,
			);
			runOnlyForDeploymentPostprocessing = 0;
		};
		3C90B5F52538F5FE00BB87A3 /* Sources */ = {
			isa = PBXSourcesBuildPhase;
			buildActionMask = 2147483647;
			files = (
				3C90B5FE2538F5FE00BB87A3 /* MarvelCharactersTests.swift in Sources */,
			);
			runOnlyForDeploymentPostprocessing = 0;
		};
		3C90B6002538F5FE00BB87A3 /* Sources */ = {
			isa = PBXSourcesBuildPhase;
			buildActionMask = 2147483647;
			files = (
				3C90B6092538F5FE00BB87A3 /* MarvelCharactersUITests.swift in Sources */,
			);
			runOnlyForDeploymentPostprocessing = 0;
		};
/* End PBXSourcesBuildPhase section */

/* Begin PBXTargetDependency section */
		3C90B5FB2538F5FE00BB87A3 /* PBXTargetDependency */ = {
			isa = PBXTargetDependency;
			target = 3C90B5E22538F5FC00BB87A3 /* MarvelCharacters */;
			targetProxy = 3C90B5FA2538F5FE00BB87A3 /* PBXContainerItemProxy */;
		};
		3C90B6062538F5FE00BB87A3 /* PBXTargetDependency */ = {
			isa = PBXTargetDependency;
			target = 3C90B5E22538F5FC00BB87A3 /* MarvelCharacters */;
			targetProxy = 3C90B6052538F5FE00BB87A3 /* PBXContainerItemProxy */;
		};
/* End PBXTargetDependency section */

/* Begin PBXVariantGroup section */
		3C90B5EC2538F5FC00BB87A3 /* Main.storyboard */ = {
			isa = PBXVariantGroup;
			children = (
				3C90B5ED2538F5FC00BB87A3 /* Base */,
			);
			name = Main.storyboard;
			sourceTree = "<group>";
		};
		3C90B5F12538F5FE00BB87A3 /* LaunchScreen.storyboard */ = {
			isa = PBXVariantGroup;
			children = (
				3C90B5F22538F5FE00BB87A3 /* Base */,
			);
			name = LaunchScreen.storyboard;
			sourceTree = "<group>";
		};
/* End PBXVariantGroup section */

/* Begin XCBuildConfiguration section */
		3C90B60B2538F5FE00BB87A3 /* Debug */ = {
			isa = XCBuildConfiguration;
			buildSettings = {
				ALWAYS_SEARCH_USER_PATHS = NO;
				CLANG_ANALYZER_NONNULL = YES;
				CLANG_ANALYZER_NUMBER_OBJECT_CONVERSION = YES_AGGRESSIVE;
				CLANG_CXX_LANGUAGE_STANDARD = "gnu++14";
				CLANG_CXX_LIBRARY = "libc++";
				CLANG_ENABLE_MODULES = YES;
				CLANG_ENABLE_OBJC_ARC = YES;
				CLANG_ENABLE_OBJC_WEAK = YES;
				CLANG_WARN_BLOCK_CAPTURE_AUTORELEASING = YES;
				CLANG_WARN_BOOL_CONVERSION = YES;
				CLANG_WARN_COMMA = YES;
				CLANG_WARN_CONSTANT_CONVERSION = YES;
				CLANG_WARN_DEPRECATED_OBJC_IMPLEMENTATIONS = YES;
				CLANG_WARN_DIRECT_OBJC_ISA_USAGE = YES_ERROR;
				CLANG_WARN_DOCUMENTATION_COMMENTS = YES;
				CLANG_WARN_EMPTY_BODY = YES;
				CLANG_WARN_ENUM_CONVERSION = YES;
				CLANG_WARN_INFINITE_RECURSION = YES;
				CLANG_WARN_INT_CONVERSION = YES;
				CLANG_WARN_NON_LITERAL_NULL_CONVERSION = YES;
				CLANG_WARN_OBJC_IMPLICIT_RETAIN_SELF = YES;
				CLANG_WARN_OBJC_LITERAL_CONVERSION = YES;
				CLANG_WARN_OBJC_ROOT_CLASS = YES_ERROR;
				CLANG_WARN_QUOTED_INCLUDE_IN_FRAMEWORK_HEADER = YES;
				CLANG_WARN_RANGE_LOOP_ANALYSIS = YES;
				CLANG_WARN_STRICT_PROTOTYPES = YES;
				CLANG_WARN_SUSPICIOUS_MOVE = YES;
				CLANG_WARN_UNGUARDED_AVAILABILITY = YES_AGGRESSIVE;
				CLANG_WARN_UNREACHABLE_CODE = YES;
				CLANG_WARN__DUPLICATE_METHOD_MATCH = YES;
				COPY_PHASE_STRIP = NO;
				DEBUG_INFORMATION_FORMAT = dwarf;
				ENABLE_STRICT_OBJC_MSGSEND = YES;
				ENABLE_TESTABILITY = YES;
				GCC_C_LANGUAGE_STANDARD = gnu11;
				GCC_DYNAMIC_NO_PIC = NO;
				GCC_NO_COMMON_BLOCKS = YES;
				GCC_OPTIMIZATION_LEVEL = 0;
				GCC_PREPROCESSOR_DEFINITIONS = (
					"DEBUG=1",
					"$(inherited)",
				);
				GCC_WARN_64_TO_32_BIT_CONVERSION = YES;
				GCC_WARN_ABOUT_RETURN_TYPE = YES_ERROR;
				GCC_WARN_UNDECLARED_SELECTOR = YES;
				GCC_WARN_UNINITIALIZED_AUTOS = YES_AGGRESSIVE;
				GCC_WARN_UNUSED_FUNCTION = YES;
				GCC_WARN_UNUSED_VARIABLE = YES;
				IPHONEOS_DEPLOYMENT_TARGET = 14.0;
				MTL_ENABLE_DEBUG_INFO = INCLUDE_SOURCE;
				MTL_FAST_MATH = YES;
				ONLY_ACTIVE_ARCH = YES;
				SDKROOT = iphoneos;
				SWIFT_ACTIVE_COMPILATION_CONDITIONS = DEBUG;
				SWIFT_OPTIMIZATION_LEVEL = "-Onone";
			};
			name = Debug;
		};
		3C90B60C2538F5FE00BB87A3 /* Release */ = {
			isa = XCBuildConfiguration;
			buildSettings = {
				ALWAYS_SEARCH_USER_PATHS = NO;
				CLANG_ANALYZER_NONNULL = YES;
				CLANG_ANALYZER_NUMBER_OBJECT_CONVERSION = YES_AGGRESSIVE;
				CLANG_CXX_LANGUAGE_STANDARD = "gnu++14";
				CLANG_CXX_LIBRARY = "libc++";
				CLANG_ENABLE_MODULES = YES;
				CLANG_ENABLE_OBJC_ARC = YES;
				CLANG_ENABLE_OBJC_WEAK = YES;
				CLANG_WARN_BLOCK_CAPTURE_AUTORELEASING = YES;
				CLANG_WARN_BOOL_CONVERSION = YES;
				CLANG_WARN_COMMA = YES;
				CLANG_WARN_CONSTANT_CONVERSION = YES;
				CLANG_WARN_DEPRECATED_OBJC_IMPLEMENTATIONS = YES;
				CLANG_WARN_DIRECT_OBJC_ISA_USAGE = YES_ERROR;
				CLANG_WARN_DOCUMENTATION_COMMENTS = YES;
				CLANG_WARN_EMPTY_BODY = YES;
				CLANG_WARN_ENUM_CONVERSION = YES;
				CLANG_WARN_INFINITE_RECURSION = YES;
				CLANG_WARN_INT_CONVERSION = YES;
				CLANG_WARN_NON_LITERAL_NULL_CONVERSION = YES;
				CLANG_WARN_OBJC_IMPLICIT_RETAIN_SELF = YES;
				CLANG_WARN_OBJC_LITERAL_CONVERSION = YES;
				CLANG_WARN_OBJC_ROOT_CLASS = YES_ERROR;
				CLANG_WARN_QUOTED_INCLUDE_IN_FRAMEWORK_HEADER = YES;
				CLANG_WARN_RANGE_LOOP_ANALYSIS = YES;
				CLANG_WARN_STRICT_PROTOTYPES = YES;
				CLANG_WARN_SUSPICIOUS_MOVE = YES;
				CLANG_WARN_UNGUARDED_AVAILABILITY = YES_AGGRESSIVE;
				CLANG_WARN_UNREACHABLE_CODE = YES;
				CLANG_WARN__DUPLICATE_METHOD_MATCH = YES;
				COPY_PHASE_STRIP = NO;
				DEBUG_INFORMATION_FORMAT = "dwarf-with-dsym";
				ENABLE_NS_ASSERTIONS = NO;
				ENABLE_STRICT_OBJC_MSGSEND = YES;
				GCC_C_LANGUAGE_STANDARD = gnu11;
				GCC_NO_COMMON_BLOCKS = YES;
				GCC_WARN_64_TO_32_BIT_CONVERSION = YES;
				GCC_WARN_ABOUT_RETURN_TYPE = YES_ERROR;
				GCC_WARN_UNDECLARED_SELECTOR = YES;
				GCC_WARN_UNINITIALIZED_AUTOS = YES_AGGRESSIVE;
				GCC_WARN_UNUSED_FUNCTION = YES;
				GCC_WARN_UNUSED_VARIABLE = YES;
				IPHONEOS_DEPLOYMENT_TARGET = 14.0;
				MTL_ENABLE_DEBUG_INFO = NO;
				MTL_FAST_MATH = YES;
				SDKROOT = iphoneos;
				SWIFT_COMPILATION_MODE = wholemodule;
				SWIFT_OPTIMIZATION_LEVEL = "-O";
				VALIDATE_PRODUCT = YES;
			};
			name = Release;
		};
		3C90B60E2538F5FE00BB87A3 /* Debug */ = {
			isa = XCBuildConfiguration;
			buildSettings = {
				ASSETCATALOG_COMPILER_APPICON_NAME = AppIcon;
				ASSETCATALOG_COMPILER_GLOBAL_ACCENT_COLOR_NAME = AccentColor;
				CODE_SIGN_STYLE = Automatic;
				DEVELOPMENT_TEAM = 6H6ZL3JRAS;
				INFOPLIST_FILE = MarvelCharacters/Info.plist;
				LD_RUNPATH_SEARCH_PATHS = (
					"$(inherited)",
					"@executable_path/Frameworks",
				);
				PRODUCT_BUNDLE_IDENTIFIER = br.com.jpedroarag.MarvelCharacters;
				PRODUCT_NAME = "$(TARGET_NAME)";
				SWIFT_VERSION = 5.0;
				TARGETED_DEVICE_FAMILY = "1,2";
			};
			name = Debug;
		};
		3C90B60F2538F5FE00BB87A3 /* Release */ = {
			isa = XCBuildConfiguration;
			buildSettings = {
				ASSETCATALOG_COMPILER_APPICON_NAME = AppIcon;
				ASSETCATALOG_COMPILER_GLOBAL_ACCENT_COLOR_NAME = AccentColor;
				CODE_SIGN_STYLE = Automatic;
				DEVELOPMENT_TEAM = 6H6ZL3JRAS;
				INFOPLIST_FILE = MarvelCharacters/Info.plist;
				LD_RUNPATH_SEARCH_PATHS = (
					"$(inherited)",
					"@executable_path/Frameworks",
				);
				PRODUCT_BUNDLE_IDENTIFIER = br.com.jpedroarag.MarvelCharacters;
				PRODUCT_NAME = "$(TARGET_NAME)";
				SWIFT_VERSION = 5.0;
				TARGETED_DEVICE_FAMILY = "1,2";
			};
			name = Release;
		};
		3C90B6112538F5FE00BB87A3 /* Debug */ = {
			isa = XCBuildConfiguration;
			buildSettings = {
				ALWAYS_EMBED_SWIFT_STANDARD_LIBRARIES = YES;
				BUNDLE_LOADER = "$(TEST_HOST)";
				CODE_SIGN_STYLE = Automatic;
				DEVELOPMENT_TEAM = 6H6ZL3JRAS;
				INFOPLIST_FILE = MarvelCharactersTests/Info.plist;
				IPHONEOS_DEPLOYMENT_TARGET = 14.0;
				LD_RUNPATH_SEARCH_PATHS = (
					"$(inherited)",
					"@executable_path/Frameworks",
					"@loader_path/Frameworks",
				);
				PRODUCT_BUNDLE_IDENTIFIER = br.com.jpedroarag.MarvelCharactersTests;
				PRODUCT_NAME = "$(TARGET_NAME)";
				SWIFT_VERSION = 5.0;
				TARGETED_DEVICE_FAMILY = "1,2";
				TEST_HOST = "$(BUILT_PRODUCTS_DIR)/MarvelCharacters.app/MarvelCharacters";
			};
			name = Debug;
		};
		3C90B6122538F5FE00BB87A3 /* Release */ = {
			isa = XCBuildConfiguration;
			buildSettings = {
				ALWAYS_EMBED_SWIFT_STANDARD_LIBRARIES = YES;
				BUNDLE_LOADER = "$(TEST_HOST)";
				CODE_SIGN_STYLE = Automatic;
				DEVELOPMENT_TEAM = 6H6ZL3JRAS;
				INFOPLIST_FILE = MarvelCharactersTests/Info.plist;
				IPHONEOS_DEPLOYMENT_TARGET = 14.0;
				LD_RUNPATH_SEARCH_PATHS = (
					"$(inherited)",
					"@executable_path/Frameworks",
					"@loader_path/Frameworks",
				);
				PRODUCT_BUNDLE_IDENTIFIER = br.com.jpedroarag.MarvelCharactersTests;
				PRODUCT_NAME = "$(TARGET_NAME)";
				SWIFT_VERSION = 5.0;
				TARGETED_DEVICE_FAMILY = "1,2";
				TEST_HOST = "$(BUILT_PRODUCTS_DIR)/MarvelCharacters.app/MarvelCharacters";
			};
			name = Release;
		};
		3C90B6142538F5FE00BB87A3 /* Debug */ = {
			isa = XCBuildConfiguration;
			buildSettings = {
				ALWAYS_EMBED_SWIFT_STANDARD_LIBRARIES = YES;
				CODE_SIGN_STYLE = Automatic;
				DEVELOPMENT_TEAM = 6H6ZL3JRAS;
				INFOPLIST_FILE = MarvelCharactersUITests/Info.plist;
				LD_RUNPATH_SEARCH_PATHS = (
					"$(inherited)",
					"@executable_path/Frameworks",
					"@loader_path/Frameworks",
				);
				PRODUCT_BUNDLE_IDENTIFIER = br.com.jpedroarag.MarvelCharactersUITests;
				PRODUCT_NAME = "$(TARGET_NAME)";
				SWIFT_VERSION = 5.0;
				TARGETED_DEVICE_FAMILY = "1,2";
				TEST_TARGET_NAME = MarvelCharacters;
			};
			name = Debug;
		};
		3C90B6152538F5FE00BB87A3 /* Release */ = {
			isa = XCBuildConfiguration;
			buildSettings = {
				ALWAYS_EMBED_SWIFT_STANDARD_LIBRARIES = YES;
				CODE_SIGN_STYLE = Automatic;
				DEVELOPMENT_TEAM = 6H6ZL3JRAS;
				INFOPLIST_FILE = MarvelCharactersUITests/Info.plist;
				LD_RUNPATH_SEARCH_PATHS = (
					"$(inherited)",
					"@executable_path/Frameworks",
					"@loader_path/Frameworks",
				);
				PRODUCT_BUNDLE_IDENTIFIER = br.com.jpedroarag.MarvelCharactersUITests;
				PRODUCT_NAME = "$(TARGET_NAME)";
				SWIFT_VERSION = 5.0;
				TARGETED_DEVICE_FAMILY = "1,2";
				TEST_TARGET_NAME = MarvelCharacters;
			};
			name = Release;
		};
/* End XCBuildConfiguration section */

/* Begin XCConfigurationList section */
		3C90B5DE2538F5FC00BB87A3 /* Build configuration list for PBXProject "MarvelCharacters" */ = {
			isa = XCConfigurationList;
			buildConfigurations = (
				3C90B60B2538F5FE00BB87A3 /* Debug */,
				3C90B60C2538F5FE00BB87A3 /* Release */,
			);
			defaultConfigurationIsVisible = 0;
			defaultConfigurationName = Release;
		};
		3C90B60D2538F5FE00BB87A3 /* Build configuration list for PBXNativeTarget "MarvelCharacters" */ = {
			isa = XCConfigurationList;
			buildConfigurations = (
				3C90B60E2538F5FE00BB87A3 /* Debug */,
				3C90B60F2538F5FE00BB87A3 /* Release */,
			);
			defaultConfigurationIsVisible = 0;
			defaultConfigurationName = Release;
		};
		3C90B6102538F5FE00BB87A3 /* Build configuration list for PBXNativeTarget "MarvelCharactersTests" */ = {
			isa = XCConfigurationList;
			buildConfigurations = (
				3C90B6112538F5FE00BB87A3 /* Debug */,
				3C90B6122538F5FE00BB87A3 /* Release */,
			);
			defaultConfigurationIsVisible = 0;
			defaultConfigurationName = Release;
		};
		3C90B6132538F5FE00BB87A3 /* Build configuration list for PBXNativeTarget "MarvelCharactersUITests" */ = {
			isa = XCConfigurationList;
			buildConfigurations = (
				3C90B6142538F5FE00BB87A3 /* Debug */,
				3C90B6152538F5FE00BB87A3 /* Release */,
			);
			defaultConfigurationIsVisible = 0;
			defaultConfigurationName = Release;
		};
/* End XCConfigurationList section */
	};
	rootObject = 3C90B5DB2538F5FC00BB87A3 /* Project object */;
}
